#MicroXplorer Configuration settings - do not modify
CAD.formats=
CAD.pinconfig=
CAD.provider=
CORTEX_M7.CPU_ICache=Enabled
CORTEX_M7.Enable_Spec=__NULL
CORTEX_M7.IPParameters=default_mode_Activation,Enable_Spec,CPU_ICache
CORTEX_M7.default_mode_Activation=1
DMA2D.AlphaModeBackground=DMA2D_REPLACE_ALPHA
DMA2D.AlphaModeForeground=DMA2D_NO_MODIF_ALPHA
DMA2D.IPParameters=Mode,OutputOffset,InputColorModeForeground,InputAlphaForeground,InputAlphaBackground,InputOffsetBackground,InputColorModeBackground,AlphaModeForeground,AlphaModeBackground
DMA2D.InputAlphaBackground=0xff
DMA2D.InputAlphaForeground=0xffff0000
DMA2D.InputColorModeBackground=DMA2D_INPUT_RGB888
DMA2D.InputColorModeForeground=DMA2D_INPUT_A8
DMA2D.InputOffsetBackground=0
DMA2D.Mode=DMA2D_M2M_BLEND_BG
DMA2D.OutputOffset=698
Dma.Request0=SAI1_A
Dma.RequestsNb=1
Dma.SAI1_A.0.Direction=DMA_MEMORY_TO_PERIPH
Dma.SAI1_A.0.EventEnable=DISABLE
Dma.SAI1_A.0.FIFOMode=DMA_FIFOMODE_ENABLE
Dma.SAI1_A.0.FIFOThreshold=DMA_FIFO_THRESHOLD_HALFFULL
Dma.SAI1_A.0.Instance=DMA1_Stream0
Dma.SAI1_A.0.MemBurst=DMA_MBURST_SINGLE
Dma.SAI1_A.0.MemDataAlignment=DMA_MDATAALIGN_HALFWORD
Dma.SAI1_A.0.MemInc=DMA_MINC_ENABLE
Dma.SAI1_A.0.Mode=DMA_NORMAL
Dma.SAI1_A.0.PeriphBurst=DMA_PBURST_SINGLE
Dma.SAI1_A.0.PeriphDataAlignment=DMA_PDATAALIGN_HALFWORD
Dma.SAI1_A.0.PeriphInc=DMA_PINC_DISABLE
Dma.SAI1_A.0.Polarity=HAL_DMAMUX_REQ_GEN_RISING
Dma.SAI1_A.0.Priority=DMA_PRIORITY_VERY_HIGH
Dma.SAI1_A.0.RequestNumber=1
Dma.SAI1_A.0.RequestParameters=Instance,Direction,PeriphInc,MemInc,PeriphDataAlignment,MemDataAlignment,Mode,Priority,FIFOMode,FIFOThreshold,MemBurst,PeriphBurst,SignalID,Polarity,RequestNumber,SyncSignalID,SyncPolarity,SyncEnable,EventEnable,SyncRequestNumber
Dma.SAI1_A.0.SignalID=NONE
Dma.SAI1_A.0.SyncEnable=DISABLE
Dma.SAI1_A.0.SyncPolarity=HAL_DMAMUX_SYNC_NO_EVENT
Dma.SAI1_A.0.SyncRequestNumber=1
Dma.SAI1_A.0.SyncSignalID=NONE
FMC.CASLatency1=FMC_SDRAM_CAS_LATENCY_3
FMC.CASLatency2=FMC_SDRAM_CAS_LATENCY_3
FMC.ColumnBitsNumber1=FMC_SDRAM_COLUMN_BITS_NUM_9
FMC.ColumnBitsNumber2=FMC_SDRAM_COLUMN_BITS_NUM_9
FMC.ExitSelfRefreshDelay1=7
FMC.ExitSelfRefreshDelay2=7
FMC.IPParameters=ColumnBitsNumber2,ColumnBitsNumber1,CASLatency1,SDClockPeriod1,SDClockPeriod2,ReadBurst1,ReadBurst2,LoadToActiveDelay1,ExitSelfRefreshDelay1,ExitSelfRefreshDelay2,SelfRefreshTime1,RowCycleDelay1,RowCycleDelay2,WriteRecoveryTime1,WriteRecoveryTime2,RPDelay1,RPDelay2,RCDDelay1,CASLatency2,LoadToActiveDelay2,SelfRefreshTime2,RCDDelay2
FMC.LoadToActiveDelay1=4
FMC.LoadToActiveDelay2=4
FMC.RCDDelay1=2
FMC.RCDDelay2=2
FMC.RPDelay1=2
FMC.RPDelay2=2
FMC.ReadBurst1=FMC_SDRAM_RBURST_ENABLE
FMC.ReadBurst2=FMC_SDRAM_RBURST_ENABLE
FMC.RowCycleDelay1=7
FMC.RowCycleDelay2=7
FMC.SDClockPeriod1=FMC_SDRAM_CLOCK_PERIOD_2
FMC.SDClockPeriod2=FMC_SDRAM_CLOCK_PERIOD_2
FMC.SelfRefreshTime1=2
FMC.SelfRefreshTime2=2
FMC.WriteRecoveryTime1=4
FMC.WriteRecoveryTime2=4
File.Version=6
GPIO.groupedBy=Group By Peripherals
KeepUserPlacement=false
LTDC.ActiveH=720
LTDC.ActiveW=720
LTDC.Alpha_L0=255
LTDC.HBP=80
LTDC.HFP=15
LTDC.HSync=5
LTDC.IPParameters=HSync,HBP,ActiveW,HFP,VSync,VBP,ActiveH,VFP,Layers,WindowX1_L0,WindowY1_L0,PixelFormat_L0,Alpha_L0,ImageWidth_L0,ImageHeight_L0
LTDC.ImageHeight_L0=720
LTDC.ImageWidth_L0=720
LTDC.Layers=0
LTDC.PixelFormat_L0=LTDC_PIXEL_FORMAT_ARGB8888
LTDC.VBP=20
LTDC.VFP=15
LTDC.VSync=5
LTDC.WindowX1_L0=720
LTDC.WindowY1_L0=720
MMTAppReg1.MEMORYMAP.AppRegionName=DTCMRAM
MMTAppReg1.MEMORYMAP.ContextName=Cortex-M7NS
MMTAppReg1.MEMORYMAP.CoreName=ARM Cortex-M7
MMTAppReg1.MEMORYMAP.IPParameters=StartAddress,Size,CoreName,ContextName,Name
MMTAppReg1.MEMORYMAP.Name=DTCMRAM
MMTAppReg1.MEMORYMAP.Size=131072
MMTAppReg1.MEMORYMAP.StartAddress=0x20000000
MMTAppReg2.MEMORYMAP.AppRegionName=RAM
MMTAppReg2.MEMORYMAP.ContextName=Cortex-M7NS
MMTAppReg2.MEMORYMAP.CoreName=ARM Cortex-M7
MMTAppReg2.MEMORYMAP.DefaultDataRegion=true
MMTAppReg2.MEMORYMAP.IPParameters=StartAddress,Size,CoreName,ContextName,Name,DefaultDataRegion
MMTAppReg2.MEMORYMAP.Name=RAM
MMTAppReg2.MEMORYMAP.Size=524288
MMTAppReg2.MEMORYMAP.StartAddress=0x24000000
MMTAppReg3.MEMORYMAP.AppRegionName=RAM_D2
MMTAppReg3.MEMORYMAP.ContextName=Cortex-M7NS
MMTAppReg3.MEMORYMAP.CoreName=ARM Cortex-M7
MMTAppReg3.MEMORYMAP.IPParameters=StartAddress,Size,CoreName,ContextName,Name
MMTAppReg3.MEMORYMAP.Name=RAM_D2
MMTAppReg3.MEMORYMAP.Size=294912
MMTAppReg3.MEMORYMAP.StartAddress=0x30000000
MMTAppReg4.MEMORYMAP.AppRegionName=RAM_D3
MMTAppReg4.MEMORYMAP.ContextName=Cortex-M7NS
MMTAppReg4.MEMORYMAP.CoreName=ARM Cortex-M7
MMTAppReg4.MEMORYMAP.IPParameters=StartAddress,Size,CoreName,ContextName,Name
MMTAppReg4.MEMORYMAP.Name=RAM_D3
MMTAppReg4.MEMORYMAP.Size=65536
MMTAppReg4.MEMORYMAP.StartAddress=0x38000000
MMTAppReg5.MEMORYMAP.AppRegionName=ITCMRAM
MMTAppReg5.MEMORYMAP.Cacheability=WTRA
MMTAppReg5.MEMORYMAP.ContextName=Cortex-M7NS
MMTAppReg5.MEMORYMAP.CoreName=ARM Cortex-M7
MMTAppReg5.MEMORYMAP.IPParameters=StartAddress,Size,CoreName,ContextName,Name,Cacheability
MMTAppReg5.MEMORYMAP.Name=ITCMRAM
MMTAppReg5.MEMORYMAP.Size=65536
MMTAppReg5.MEMORYMAP.StartAddress=0x00000000
MMTAppReg6.MEMORYMAP.AP=RO_priv_only
MMTAppReg6.MEMORYMAP.AppRegionName=FLASH
MMTAppReg6.MEMORYMAP.Cacheability=WTRA
MMTAppReg6.MEMORYMAP.ContextName=Cortex-M7NS
MMTAppReg6.MEMORYMAP.CoreName=ARM Cortex-M7
MMTAppReg6.MEMORYMAP.DefaultCodeRegion=true
MMTAppReg6.MEMORYMAP.IPParameters=StartAddress,Size,CoreName,MemType,ContextName,Name,AP,Cacheability,DefaultCodeRegion,ISRRegion,RootBootRegion
MMTAppReg6.MEMORYMAP.ISRRegion=true
MMTAppReg6.MEMORYMAP.MemType=ROM
MMTAppReg6.MEMORYMAP.Name=FLASH
MMTAppReg6.MEMORYMAP.RootBootRegion=true
MMTAppReg6.MEMORYMAP.Size=2097152
MMTAppReg6.MEMORYMAP.StartAddress=0x08000000
MMTAppRegionsCount=6
MMTConfigApplied=false
Mcu.CPN=STM32H743ZIT6
Mcu.Family=STM32H7
Mcu.IP0=CORTEX_M7
Mcu.IP1=DEBUG
Mcu.IP10=RNG
Mcu.IP11=SAI1
Mcu.IP12=SDMMC1
Mcu.IP13=SYS
Mcu.IP14=TIM1
Mcu.IP15=TIM2
Mcu.IP16=TIM13
Mcu.IP17=UART7
Mcu.IP18=USART1
Mcu.IP19=USB_OTG_HS
Mcu.IP2=DMA
Mcu.IP3=DMA2D
Mcu.IP4=FMC
Mcu.IP5=I2C4
Mcu.IP6=LTDC
Mcu.IP7=MEMORYMAP
Mcu.IP8=NVIC
Mcu.IP9=RCC
Mcu.IPNb=20
Mcu.Name=STM32H743ZITx
Mcu.Package=LQFP144
Mcu.Pin0=PE2
Mcu.Pin1=PE3
Mcu.Pin10=PF2
Mcu.Pin100=PG11
Mcu.Pin101=PG12
Mcu.Pin102=PG13
Mcu.Pin103=PG14
Mcu.Pin104=PG15
Mcu.Pin105=PB3 (JTDO/TRACESWO)
Mcu.Pin106=PB4 (NJTRST)
Mcu.Pin107=PB5
Mcu.Pin108=PB6
Mcu.Pin109=PB7
Mcu.Pin11=PF3
Mcu.Pin110=PB8
Mcu.Pin111=PB9
Mcu.Pin112=PE0
Mcu.Pin113=PE1
Mcu.Pin114=VP_DMA2D_VS_DMA2D
Mcu.Pin115=VP_RNG_VS_RNG
Mcu.Pin116=VP_SAI1_VP_$IpInstance_SAIA_SAI_BASIC
Mcu.Pin117=VP_SAI1_VP_$IpInstance_SAIB_SAI_BASIC
Mcu.Pin118=VP_SYS_VS_tim8
Mcu.Pin119=VP_TIM1_VS_ClockSourceINT
Mcu.Pin12=PF4
Mcu.Pin120=VP_TIM1_VS_no_output1
Mcu.Pin121=VP_TIM2_VS_ClockSourceINT
Mcu.Pin122=VP_TIM13_VS_ClockSourceINT
Mcu.Pin123=VP_MEMORYMAP_VS_MEMORYMAP
Mcu.Pin13=PF5
Mcu.Pin14=PF6
Mcu.Pin15=PF7
Mcu.Pin16=PF8
Mcu.Pin17=PF9
Mcu.Pin18=PF10
Mcu.Pin19=PH0-OSC_IN (PH0)
Mcu.Pin2=PE4
Mcu.Pin20=PH1-OSC_OUT (PH1)
Mcu.Pin21=PC0
Mcu.Pin22=PC1
Mcu.Pin23=PC2_C
Mcu.Pin24=PC3_C
Mcu.Pin25=PA0
Mcu.Pin26=PA1
Mcu.Pin27=PA2
Mcu.Pin28=PA3
Mcu.Pin29=PA4
Mcu.Pin3=PE5
Mcu.Pin30=PA5
Mcu.Pin31=PA6
Mcu.Pin32=PA7
Mcu.Pin33=PC4
Mcu.Pin34=PC5
Mcu.Pin35=PB0
Mcu.Pin36=PB1
Mcu.Pin37=PB2
Mcu.Pin38=PF11
Mcu.Pin39=PF12
Mcu.Pin4=PE6
Mcu.Pin40=PF13
Mcu.Pin41=PF14
Mcu.Pin42=PF15
Mcu.Pin43=PG0
Mcu.Pin44=PG1
Mcu.Pin45=PE7
Mcu.Pin46=PE8
Mcu.Pin47=PE9
Mcu.Pin48=PE10
Mcu.Pin49=PE11
Mcu.Pin5=PC13
Mcu.Pin50=PE12
Mcu.Pin51=PE13
Mcu.Pin52=PE14
Mcu.Pin53=PE15
Mcu.Pin54=PB10
Mcu.Pin55=PB11
Mcu.Pin56=PB12
Mcu.Pin57=PB13
Mcu.Pin58=PB14
Mcu.Pin59=PB15
Mcu.Pin6=PC14-OSC32_IN (OSC32_IN)
Mcu.Pin60=PD8
Mcu.Pin61=PD9
Mcu.Pin62=PD10
Mcu.Pin63=PD11
Mcu.Pin64=PD12
Mcu.Pin65=PD13
Mcu.Pin66=PD14
Mcu.Pin67=PD15
Mcu.Pin68=PG2
Mcu.Pin69=PG3
Mcu.Pin7=PC15-OSC32_OUT (OSC32_OUT)
Mcu.Pin70=PG4
Mcu.Pin71=PG5
Mcu.Pin72=PG6
Mcu.Pin73=PG7
Mcu.Pin74=PG8
Mcu.Pin75=PC6
Mcu.Pin76=PC7
Mcu.Pin77=PC8
Mcu.Pin78=PC9
Mcu.Pin79=PA8
Mcu.Pin8=PF0
Mcu.Pin80=PA9
Mcu.Pin81=PA10
Mcu.Pin82=PA11
Mcu.Pin83=PA12
Mcu.Pin84=PA13 (JTMS/SWDIO)
Mcu.Pin85=PA14 (JTCK/SWCLK)
Mcu.Pin86=PA15 (JTDI)
Mcu.Pin87=PC10
Mcu.Pin88=PC11
Mcu.Pin89=PC12
Mcu.Pin9=PF1
Mcu.Pin90=PD0
Mcu.Pin91=PD1
Mcu.Pin92=PD2
Mcu.Pin93=PD3
Mcu.Pin94=PD4
Mcu.Pin95=PD5
Mcu.Pin96=PD6
Mcu.Pin97=PD7
Mcu.Pin98=PG9
Mcu.Pin99=PG10
Mcu.PinsNb=124
Mcu.ThirdPartyNb=0
Mcu.UserConstants=
Mcu.UserName=STM32H743ZITx
MxCube.Version=6.14.0
MxDb.Version=DB.6.0.140
NVIC.BusFault_IRQn=true\:0\:0\:false\:false\:true\:false\:false\:false
NVIC.DMA1_Stream0_IRQn=true\:6\:0\:true\:false\:true\:false\:true\:true
NVIC.DMA2D_IRQn=true\:0\:0\:false\:false\:true\:true\:true\:true
NVIC.DebugMonitor_IRQn=true\:0\:0\:false\:false\:true\:false\:false\:false
NVIC.EXTI15_10_IRQn=true\:7\:0\:true\:false\:true\:true\:true\:true
NVIC.ForceEnableDMAVector=true
NVIC.HardFault_IRQn=true\:0\:0\:false\:false\:true\:false\:false\:false
NVIC.MemoryManagement_IRQn=true\:0\:0\:false\:false\:true\:false\:false\:false
NVIC.NonMaskableInt_IRQn=true\:0\:0\:false\:false\:true\:false\:false\:false
NVIC.PendSV_IRQn=true\:15\:0\:true\:false\:false\:false\:false\:false
NVIC.PriorityGroup=NVIC_PRIORITYGROUP_4
NVIC.SDMMC1_IRQn=true\:3\:0\:true\:false\:true\:true\:true\:true
NVIC.SVCall_IRQn=true\:0\:0\:false\:false\:false\:false\:false\:false
NVIC.SysTick_IRQn=true\:15\:0\:false\:false\:false\:false\:true\:false
NVIC.TIM8_UP_TIM13_IRQn=true\:15\:0\:false\:false\:true\:false\:true\:true
NVIC.TimeBase=TIM8_UP_TIM13_IRQn
NVIC.TimeBaseIP=TIM8
NVIC.UsageFault_IRQn=true\:0\:0\:false\:false\:true\:false\:false\:false
PA0.GPIOParameters=GPIO_Label
PA0.GPIO_Label=DISPLAY_SDA
PA0.Locked=true
PA0.Signal=GPIO_Output
PA1.GPIOParameters=GPIO_Speed
PA1.GPIO_Speed=GPIO_SPEED_FREQ_LOW
PA1.Mode=RGB666
PA1.Signal=LTDC_R2
PA10.Mode=Asynchronous
PA10.Signal=USART1_RX
PA11.GPIOParameters=GPIO_Label,GPIO_ModeDefaultEXTI
PA11.GPIO_Label=SD_DET
PA11.GPIO_ModeDefaultEXTI=GPIO_MODE_IT_RISING_FALLING
PA11.Locked=true
PA11.Signal=GPXTI11
PA12.GPIOParameters=GPIO_Label
PA12.GPIO_Label=HP_DET
PA12.Locked=true
PA12.Signal=GPIO_Input
PA13\ (JTMS/SWDIO).Mode=Serial_Wire
PA13\ (JTMS/SWDIO).Signal=DEBUG_JTMS-SWDIO
PA14\ (JTCK/SWCLK).Mode=Serial_Wire
PA14\ (JTCK/SWCLK).Signal=DEBUG_JTCK-SWCLK
PA15\ (JTDI).GPIOParameters=GPIO_Label
PA15\ (JTDI).GPIO_Label=USB_INT
PA15\ (JTDI).Locked=true
PA15\ (JTDI).Signal=GPIO_Input
PA2.GPIOParameters=GPIO_Label
PA2.GPIO_Label=POWER
PA2.Locked=true
PA2.Signal=GPIO_Input
PA3.GPIOParameters=GPIO_Speed
PA3.GPIO_Speed=GPIO_SPEED_FREQ_LOW
PA3.Mode=RGB666
PA3.Signal=LTDC_B5
PA4.GPIOParameters=GPIO_Speed
PA4.GPIO_Speed=GPIO_SPEED_FREQ_LOW
PA4.Mode=RGB666
PA4.Signal=LTDC_VSYNC
PA5.GPIOParameters=GPIO_Speed
PA5.GPIO_Speed=GPIO_SPEED_FREQ_LOW
PA5.Mode=RGB666
PA5.Signal=LTDC_R4
PA6.GPIOParameters=GPIO_Speed
PA6.GPIO_Speed=GPIO_SPEED_FREQ_LOW
PA6.Mode=RGB666
PA6.Signal=LTDC_G2
PA7.GPIOParameters=GPIO_Speed_High_Default
PA7.GPIO_Speed_High_Default=GPIO_SPEED_FREQ_MEDIUM
PA7.Signal=FMC_SDNWE
PA8.GPIOParameters=GPIO_Speed
PA8.GPIO_Speed=GPIO_SPEED_FREQ_LOW
PA8.Mode=RGB666
PA8.Signal=LTDC_B3
PA9.Mode=Asynchronous
PA9.Signal=USART1_TX
PB0.GPIOParameters=GPIO_Speed
PB0.GPIO_Speed=GPIO_SPEED_FREQ_LOW
PB0.Mode=RGB666
PB0.Signal=LTDC_R3
PB1.GPIOParameters=GPIO_Speed
PB1.GPIO_Speed=GPIO_SPEED_FREQ_LOW
PB1.Mode=RGB666
PB1.Signal=LTDC_R6
PB10.GPIOParameters=GPIO_Speed
PB10.GPIO_Speed=GPIO_SPEED_FREQ_LOW
PB10.Mode=RGB666
PB10.Signal=LTDC_G4
PB11.GPIOParameters=GPIO_Speed
PB11.GPIO_Speed=GPIO_SPEED_FREQ_LOW
PB11.Mode=RGB666
PB11.Signal=LTDC_G5
PB12.Mode=OTG/Dual-Role-Device-FS
PB12.Signal=USB_OTG_HS_ID
PB13.GPIOParameters=GPIO_Label
PB13.GPIO_Label=DISPLAY_SCK
PB13.Locked=true
PB13.Signal=GPIO_Output
PB14.Mode=OTG/Dual-Role-Device-FS
PB14.Signal=USB_OTG_HS_DM
PB15.Mode=OTG/Dual-Role-Device-FS
PB15.Signal=USB_OTG_HS_DP
PB2.GPIOParameters=GPIO_Label
PB2.GPIO_Label=DISPLAY_CS
PB2.Locked=true
PB2.Signal=GPIO_Output
PB3\ (JTDO/TRACESWO).GPIOParameters=GPIO_Label
PB3\ (JTDO/TRACESWO).GPIO_Label=CHARGER_OTG
PB3\ (JTDO/TRACESWO).Locked=true
PB3\ (JTDO/TRACESWO).Signal=GPIO_Output
PB4\ (NJTRST).Locked=true
PB4\ (NJTRST).Signal=DEBUG_JTRST
PB5.GPIOParameters=GPIO_Speed_High_Default
PB5.GPIO_Speed_High_Default=GPIO_SPEED_FREQ_MEDIUM
PB5.Mode=SdramChipSelect2_2
PB5.Signal=FMC_SDCKE1
PB6.GPIOParameters=GPIO_Speed_High_Default
PB6.GPIO_Speed_High_Default=GPIO_SPEED_FREQ_MEDIUM
PB6.Mode=SdramChipSelect2_2
PB6.Signal=FMC_SDNE1
PB7.GPIOParameters=GPIO_Label
PB7.GPIO_Label=CHARGER_INT
PB7.Locked=true
PB7.Signal=GPIO_Input
PB8.GPIOParameters=GPIO_Speed
PB8.GPIO_Speed=GPIO_SPEED_FREQ_LOW
PB8.Mode=RGB666
PB8.Signal=LTDC_B6
PB9.GPIOParameters=GPIO_Speed
PB9.GPIO_Speed=GPIO_SPEED_FREQ_LOW
PB9.Mode=RGB666
PB9.Signal=LTDC_B7
PC0.GPIOParameters=GPIO_Speed
PC0.GPIO_Speed=GPIO_SPEED_FREQ_LOW
PC0.Mode=RGB666
PC0.Signal=LTDC_R5
PC1.GPIOParameters=GPIO_Label
PC1.GPIO_Label=CHARGER_CE
PC1.Locked=true
PC1.Signal=GPIO_Output
PC10.Mode=SD_4_bits_Wide_bus
PC10.Signal=SDMMC1_D2
PC11.Mode=SD_4_bits_Wide_bus
PC11.Signal=SDMMC1_D3
PC12.GPIOParameters=GPIO_Speed_High_Default
PC12.GPIO_Speed_High_Default=GPIO_SPEED_FREQ_MEDIUM
PC12.Mode=SD_4_bits_Wide_bus
PC12.Signal=SDMMC1_CK
PC13.GPIOParameters=GPIO_Label
PC13.GPIO_Label=CODEC_RESET
PC13.Locked=true
PC13.Signal=GPIO_Output
PC14-OSC32_IN\ (OSC32_IN).GPIOParameters=GPIO_Label
PC14-OSC32_IN\ (OSC32_IN).GPIO_Label=FUEL_GPOUT
PC14-OSC32_IN\ (OSC32_IN).Locked=true
PC14-OSC32_IN\ (OSC32_IN).Signal=GPIO_Input
PC15-OSC32_OUT\ (OSC32_OUT).GPIOParameters=GPIO_Label
PC15-OSC32_OUT\ (OSC32_OUT).GPIO_Label=CHARGER_PSEL
PC15-OSC32_OUT\ (OSC32_OUT).Locked=true
PC15-OSC32_OUT\ (OSC32_OUT).Signal=GPIO_Output
PC2_C.GPIOParameters=GPIO_Label
PC2_C.GPIO_Label=OSC_EN
PC2_C.Locked=true
PC2_C.Signal=GPIO_Output
PC3_C.GPIOParameters=PinState,GPIO_Label
PC3_C.GPIO_Label=AMP_EN
PC3_C.Locked=true
PC3_C.PinState=GPIO_PIN_SET
PC3_C.Signal=GPIO_Output
PC4.GPIOParameters=GPIO_Speed_High_Default
PC4.GPIO_Speed_High_Default=GPIO_SPEED_FREQ_MEDIUM
PC4.Mode=SdramChipSelect1_1
PC4.Signal=FMC_SDNE0
PC5.GPIOParameters=GPIO_Speed_High_Default
PC5.GPIO_Speed_High_Default=GPIO_SPEED_FREQ_MEDIUM
PC5.Locked=true
PC5.Mode=SdramChipSelect1_1
PC5.Signal=FMC_SDCKE0
PC6.GPIOParameters=GPIO_Speed
PC6.GPIO_Speed=GPIO_SPEED_FREQ_LOW
PC6.Mode=RGB666
PC6.Signal=LTDC_HSYNC
PC7.GPIOParameters=GPIO_Speed
PC7.GPIO_Speed=GPIO_SPEED_FREQ_LOW
PC7.Mode=RGB666
PC7.Signal=LTDC_G6
PC8.GPIOParameters=GPIO_Speed_High_Default
PC8.GPIO_Speed_High_Default=GPIO_SPEED_FREQ_MEDIUM
PC8.Mode=SD_4_bits_Wide_bus
PC8.Signal=SDMMC1_D0
PC9.Mode=SD_4_bits_Wide_bus
PC9.Signal=SDMMC1_D1
PD0.GPIOParameters=GPIO_Speed_High_Default
PD0.GPIO_Speed_High_Default=GPIO_SPEED_FREQ_MEDIUM
PD0.Signal=FMC_D2_DA2
PD1.GPIOParameters=GPIO_Speed_High_Default
PD1.GPIO_Speed_High_Default=GPIO_SPEED_FREQ_MEDIUM
PD1.Signal=FMC_D3_DA3
PD10.GPIOParameters=GPIO_Speed_High_Default
PD10.GPIO_Speed_High_Default=GPIO_SPEED_FREQ_MEDIUM
PD10.Signal=FMC_D15_DA15
PD11.GPIOParameters=GPIO_PuPd,GPIO_Label
PD11.GPIO_Label=INPUT_LEFT
PD11.GPIO_PuPd=GPIO_PULLDOWN
PD11.Locked=true
PD11.Signal=GPIO_Input
PD12.Mode=I2C
PD12.Signal=I2C4_SCL
PD13.Mode=I2C
PD13.Signal=I2C4_SDA
PD14.GPIOParameters=GPIO_Speed_High_Default
PD14.GPIO_Speed_High_Default=GPIO_SPEED_FREQ_MEDIUM
PD14.Signal=FMC_D0_DA0
PD15.GPIOParameters=GPIO_Speed_High_Default
PD15.GPIO_Speed_High_Default=GPIO_SPEED_FREQ_MEDIUM
PD15.Signal=FMC_D1_DA1
PD2.GPIOParameters=GPIO_Speed_High_Default
PD2.GPIO_Speed_High_Default=GPIO_SPEED_FREQ_MEDIUM
PD2.Mode=SD_4_bits_Wide_bus
PD2.Signal=SDMMC1_CMD
PD3.GPIOParameters=GPIO_Speed
PD3.GPIO_Speed=GPIO_SPEED_FREQ_LOW
PD3.Mode=RGB666
PD3.Signal=LTDC_G7
PD4.GPIOParameters=GPIO_PuPd,GPIO_Label
PD4.GPIO_Label=INPUT_RIGHT
PD4.GPIO_PuPd=GPIO_PULLDOWN
PD4.Locked=true
PD4.Signal=GPIO_Input
PD5.GPIOParameters=GPIO_PuPd,GPIO_Label
PD5.GPIO_Label=INPUT_UP
PD5.GPIO_PuPd=GPIO_PULLDOWN
PD5.Locked=true
PD5.Signal=GPIO_Input
PD6.GPIOParameters=GPIO_Speed
PD6.GPIO_Speed=GPIO_SPEED_FREQ_LOW
PD6.Mode=RGB666
PD6.Signal=LTDC_B2
PD7.GPIOParameters=GPIO_PuPd,GPIO_Label
PD7.GPIO_Label=INPUT_ALT
PD7.GPIO_PuPd=GPIO_PULLDOWN
PD7.Locked=true
PD7.Signal=GPIO_Input
PD8.GPIOParameters=GPIO_Speed_High_Default
PD8.GPIO_Speed_High_Default=GPIO_SPEED_FREQ_MEDIUM
PD8.Signal=FMC_D13_DA13
PD9.GPIOParameters=GPIO_Speed_High_Default
PD9.GPIO_Speed_High_Default=GPIO_SPEED_FREQ_MEDIUM
PD9.Signal=FMC_D14_DA14
PE0.GPIOParameters=GPIO_Speed_High_Default
PE0.GPIO_Speed_High_Default=GPIO_SPEED_FREQ_MEDIUM
PE0.Signal=FMC_NBL0
PE1.GPIOParameters=GPIO_Speed_High_Default
PE1.GPIO_Speed_High_Default=GPIO_SPEED_FREQ_MEDIUM
PE1.Signal=FMC_NBL1
PE10.GPIOParameters=GPIO_Speed_High_Default
PE10.GPIO_Speed_High_Default=GPIO_SPEED_FREQ_MEDIUM
PE10.Signal=FMC_D7_DA7
PE11.GPIOParameters=GPIO_Speed_High_Default
PE11.GPIO_Speed_High_Default=GPIO_SPEED_FREQ_MEDIUM
PE11.Signal=FMC_D8_DA8
PE12.GPIOParameters=GPIO_Speed_High_Default
PE12.GPIO_Speed_High_Default=GPIO_SPEED_FREQ_MEDIUM
PE12.Signal=FMC_D9_DA9
PE13.GPIOParameters=GPIO_Speed_High_Default
PE13.GPIO_Speed_High_Default=GPIO_SPEED_FREQ_MEDIUM
PE13.Signal=FMC_D10_DA10
PE14.GPIOParameters=GPIO_Speed_High_Default
PE14.GPIO_Speed_High_Default=GPIO_SPEED_FREQ_MEDIUM
PE14.Signal=FMC_D11_DA11
PE15.GPIOParameters=GPIO_Speed_High_Default
PE15.GPIO_Speed_High_Default=GPIO_SPEED_FREQ_MEDIUM
PE15.Signal=FMC_D12_DA12
PE2.Mode=SAI_A_MasterWithClock
PE2.Signal=SAI1_MCLK_A
PE3.Mode=SAI_B_SyncSlave
PE3.Signal=SAI1_SD_B
PE4.Mode=SAI_A_MasterWithClock
PE4.Signal=SAI1_FS_A
PE5.Mode=SAI_A_MasterWithClock
PE5.Signal=SAI1_SCK_A
PE6.Mode=SAI_A_MasterWithClock
PE6.Signal=SAI1_SD_A
PE7.GPIOParameters=GPIO_Speed_High_Default
PE7.GPIO_Speed_High_Default=GPIO_SPEED_FREQ_MEDIUM
PE7.Signal=FMC_D4_DA4
PE8.GPIOParameters=GPIO_Speed_High_Default
PE8.GPIO_Speed_High_Default=GPIO_SPEED_FREQ_MEDIUM
PE8.Signal=FMC_D5_DA5
PE9.GPIOParameters=GPIO_Speed_High_Default
PE9.GPIO_Speed_High_Default=GPIO_SPEED_FREQ_MEDIUM
PE9.Signal=FMC_D6_DA6
PF0.GPIOParameters=GPIO_Speed_High_Default
PF0.GPIO_Speed_High_Default=GPIO_SPEED_FREQ_MEDIUM
PF0.Signal=FMC_A0
PF1.GPIOParameters=GPIO_Speed_High_Default
PF1.GPIO_Speed_High_Default=GPIO_SPEED_FREQ_MEDIUM
PF1.Signal=FMC_A1
PF10.GPIOParameters=GPIO_Speed
PF10.GPIO_Speed=GPIO_SPEED_FREQ_LOW
PF10.Mode=RGB666
PF10.Signal=LTDC_DE
PF11.GPIOParameters=GPIO_Speed_High_Default
PF11.GPIO_Speed_High_Default=GPIO_SPEED_FREQ_MEDIUM
PF11.Signal=FMC_SDNRAS
PF12.GPIOParameters=GPIO_Speed_High_Default
PF12.GPIO_Speed_High_Default=GPIO_SPEED_FREQ_MEDIUM
PF12.Signal=FMC_A6
PF13.GPIOParameters=GPIO_Speed_High_Default
PF13.GPIO_Speed_High_Default=GPIO_SPEED_FREQ_MEDIUM
PF13.Signal=FMC_A7
PF14.GPIOParameters=GPIO_Speed_High_Default
PF14.GPIO_Speed_High_Default=GPIO_SPEED_FREQ_MEDIUM
PF14.Signal=FMC_A8
PF15.GPIOParameters=GPIO_Speed_High_Default
PF15.GPIO_Speed_High_Default=GPIO_SPEED_FREQ_MEDIUM
PF15.Signal=FMC_A9
PF2.GPIOParameters=GPIO_Speed_High_Default
PF2.GPIO_Speed_High_Default=GPIO_SPEED_FREQ_MEDIUM
PF2.Signal=FMC_A2
PF3.GPIOParameters=GPIO_Speed_High_Default
PF3.GPIO_Speed_High_Default=GPIO_SPEED_FREQ_MEDIUM
PF3.Signal=FMC_A3
PF4.GPIOParameters=GPIO_Speed_High_Default
PF4.GPIO_Speed_High_Default=GPIO_SPEED_FREQ_MEDIUM
PF4.Signal=FMC_A4
PF5.GPIOParameters=GPIO_Speed_High_Default
PF5.GPIO_Speed_High_Default=GPIO_SPEED_FREQ_MEDIUM
PF5.Signal=FMC_A5
PF6.GPIOParameters=GPIO_Label
PF6.GPIO_Label=MIDI IN
PF6.Mode=Asynchronous
PF6.Signal=UART7_RX
PF7.GPIOParameters=GPIO_Label
PF7.GPIO_Label=MIDI OUT
PF7.Mode=Asynchronous
PF7.Signal=UART7_TX
PF8.GPIOParameters=GPIO_Label
PF8.GPIO_Label=DISPLAY_PWM
PF8.Locked=true
PF8.Signal=S_TIM13_CH1
PF9.GPIOParameters=GPIO_Label
PF9.GPIO_Label=DISPLAY_RST
PF9.Locked=true
PF9.Signal=GPIO_Output
PG0.GPIOParameters=GPIO_Speed_High_Default
PG0.GPIO_Speed_High_Default=GPIO_SPEED_FREQ_MEDIUM
PG0.Signal=FMC_A10
PG1.GPIOParameters=GPIO_Speed_High_Default
PG1.GPIO_Speed_High_Default=GPIO_SPEED_FREQ_MEDIUM
PG1.Signal=FMC_A11
PG10.GPIOParameters=GPIO_Speed
PG10.GPIO_Speed=GPIO_SPEED_FREQ_LOW
PG10.Mode=RGB666
PG10.Signal=LTDC_G3
PG11.GPIOParameters=GPIO_PuPd,GPIO_Label
PG11.GPIO_Label=INPUT_ENTER
PG11.GPIO_PuPd=GPIO_PULLDOWN
PG11.Locked=true
PG11.Signal=GPIO_Input
PG12.GPIOParameters=GPIO_Speed
PG12.GPIO_Speed=GPIO_SPEED_FREQ_LOW
PG12.Mode=RGB666
PG12.Signal=LTDC_B4
PG13.GPIOParameters=GPIO_PuPd,GPIO_Label
PG13.GPIO_Label=INPUT_NAV
PG13.GPIO_PuPd=GPIO_PULLDOWN
PG13.Locked=true
PG13.Signal=GPIO_Input
PG14.GPIOParameters=GPIO_PuPd,GPIO_Label
PG14.GPIO_Label=INPUT_PLAY
PG14.GPIO_PuPd=GPIO_PULLDOWN
PG14.Locked=true
PG14.Signal=GPIO_Input
PG15.GPIOParameters=GPIO_Speed_High_Default
PG15.GPIO_Speed_High_Default=GPIO_SPEED_FREQ_MEDIUM
PG15.Signal=FMC_SDNCAS
PG2.GPIOParameters=GPIO_Speed_High_Default
PG2.GPIO_Speed_High_Default=GPIO_SPEED_FREQ_MEDIUM
PG2.Signal=FMC_A12
PG3.GPIOParameters=GPIO_PuPd,GPIO_Label
PG3.GPIO_Label=INPUT_DOWN
PG3.GPIO_PuPd=GPIO_PULLDOWN
PG3.Locked=true
PG3.Signal=GPIO_Input
PG4.GPIOParameters=GPIO_Speed_High_Default
PG4.GPIO_Speed_High_Default=GPIO_SPEED_FREQ_MEDIUM
PG4.Signal=FMC_A14_BA0
PG5.GPIOParameters=GPIO_Speed_High_Default
PG5.GPIO_Speed_High_Default=GPIO_SPEED_FREQ_MEDIUM
PG5.Signal=FMC_A15_BA1
PG6.GPIOParameters=GPIO_Speed
PG6.GPIO_Speed=GPIO_SPEED_FREQ_LOW
PG6.Mode=RGB666
PG6.Signal=LTDC_R7
PG7.GPIOParameters=GPIO_Speed
PG7.GPIO_Speed=GPIO_SPEED_FREQ_MEDIUM
PG7.Mode=RGB666
PG7.Signal=LTDC_CLK
PG8.GPIOParameters=GPIO_Speed_High_Default
PG8.GPIO_Speed_High_Default=GPIO_SPEED_FREQ_HIGH
PG8.Signal=FMC_SDCLK
PG9.GPIOParameters=GPIO_PuPd,GPIO_Label
PG9.GPIO_Label=INPUT_EDIT
PG9.GPIO_PuPd=GPIO_PULLDOWN
PG9.Locked=true
PG9.Signal=GPIO_Input
PH0-OSC_IN\ (PH0).Mode=HSE-External-Oscillator
PH0-OSC_IN\ (PH0).Signal=RCC_OSC_IN
PH1-OSC_OUT\ (PH1).Mode=HSE-External-Oscillator
PH1-OSC_OUT\ (PH1).Signal=RCC_OSC_OUT
PinOutPanel.RotationAngle=90
ProjectManager.AskForMigrate=true
ProjectManager.BackupPrevious=false
ProjectManager.CompilerLinker=GCC
ProjectManager.CompilerOptimize=6
ProjectManager.ComputerToolchain=false
ProjectManager.CoupleFile=true
ProjectManager.CustomerFirmwarePackage=
ProjectManager.DefaultFWLocation=true
ProjectManager.DeletePrevious=true
ProjectManager.DeviceId=STM32H743ZITx
ProjectManager.FirmwarePackage=STM32Cube FW_H7 V1.12.1
ProjectManager.FreePins=false
ProjectManager.HalAssertFull=false
ProjectManager.HeapSize=0x200
ProjectManager.KeepUserCode=true
ProjectManager.LastFirmware=true
ProjectManager.LibraryCopy=1
ProjectManager.MainLocation=Core/Src
ProjectManager.NoMain=false
ProjectManager.PreviousToolchain=
ProjectManager.ProjectBuild=false
ProjectManager.ProjectFileName=adv.ioc
ProjectManager.ProjectName=adv
ProjectManager.ProjectStructure=
ProjectManager.RegisterCallBack=
ProjectManager.StackSize=0x400
ProjectManager.TargetToolchain=CMake
ProjectManager.ToolChainLocation=
ProjectManager.UAScriptAfterPath=
ProjectManager.UAScriptBeforePath=
ProjectManager.UnderRoot=false
ProjectManager.functionlistsort=1-SystemClock_Config-RCC-false-HAL-false,2-MX_GPIO_Init-GPIO-false-HAL-true,3-MX_DMA_Init-DMA-false-HAL-true,4-MX_FMC_Init-FMC-false-HAL-true,5-MX_I2C4_Init-I2C4-false-HAL-true,6-MX_LTDC_Init-LTDC-false-HAL-true,7-MX_SAI1_Init-SAI1-false-HAL-true,8-MX_SDMMC1_SD_Init-SDMMC1-false-HAL-true,9-MX_UART7_Init-UART7-false-HAL-true,10-MX_USART1_UART_Init-USART1-false-HAL-true,11-MX_USB_OTG_HS_USB_Init-USB_OTG_HS-false-HAL-true,12-MX_TIM1_Init-TIM1-false-HAL-true,13-MX_TIM13_Init-TIM13-false-HAL-true,14-MX_DMA2D_Init-DMA2D-false-HAL-true,15-MX_RNG_Init-RNG-false-HAL-true,16-MX_TIM2_Init-TIM2-false-HAL-true,0-MX_CORTEX_M7_Init-CORTEX_M7-false-HAL-true
RCC.ADCFreq_Value=200000000
RCC.AHB12Freq_Value=240000000
RCC.AHB4Freq_Value=240000000
RCC.APB1Freq_Value=120000000
RCC.APB2Freq_Value=120000000
RCC.APB3Freq_Value=120000000
RCC.APB4Freq_Value=120000000
RCC.AXIClockFreq_Value=240000000
RCC.CECFreq_Value=32000
RCC.CKPERFreq_Value=11289600
RCC.CKPERSourceSelection=RCC_CLKPSOURCE_HSE
RCC.CortexFreq_Value=480000000
RCC.CpuClockFreq_Value=480000000
RCC.D1CPREFreq_Value=480000000
RCC.D1PPRE=RCC_APB3_DIV2
RCC.D2PPRE1=RCC_APB1_DIV2
RCC.D2PPRE2=RCC_APB2_DIV2
RCC.D3PPRE=RCC_APB4_DIV2
RCC.DFSDMACLkFreq_Value=11289600
RCC.DFSDMFreq_Value=120000000
RCC.DIVM1=4
RCC.DIVM2=4
RCC.DIVM3=26
RCC.DIVN1=60
RCC.DIVN2=25
RCC.DIVN3=76
RCC.DIVP1Freq_Value=480000000
RCC.DIVP2Freq_Value=200000000
RCC.DIVP3=32
RCC.DIVP3Freq_Value=5846153.846153846
RCC.DIVQ1=24
RCC.DIVQ1Freq_Value=40000000
RCC.DIVQ2=4
RCC.DIVQ2Freq_Value=100000000
RCC.DIVQ3=32
RCC.DIVQ3Freq_Value=5846153.846153846
RCC.DIVR1=4
RCC.DIVR1Freq_Value=240000000
RCC.DIVR2=4
RCC.DIVR2Freq_Value=100000000
RCC.DIVR3=5
RCC.DIVR3Freq_Value=37415384.615384616
RCC.FDCANFreq_Value=40000000
RCC.FMCFreq_Value=240000000
RCC.FamilyName=M
RCC.HCLK3ClockFreq_Value=240000000
RCC.HCLKFreq_Value=240000000
RCC.HPRE=RCC_HCLK_DIV2
RCC.HRTIMFreq_Value=240000000
RCC.HSE_VALUE=11289600
RCC.I2C123Freq_Value=120000000
RCC.I2C4CLockSelection=RCC_I2C4CLKSOURCE_HSI
RCC.I2C4Freq_Value=64000000
RCC.IPParameters=ADCFreq_Value,AHB12Freq_Value,AHB4Freq_Value,APB1Freq_Value,APB2Freq_Value,APB3Freq_Value,APB4Freq_Value,AXIClockFreq_Value,CECFreq_Value,CKPERFreq_Value,CKPERSourceSelection,CortexFreq_Value,CpuClockFreq_Value,D1CPREFreq_Value,D1PPRE,D2PPRE1,D2PPRE2,D3PPRE,DFSDMACLkFreq_Value,DFSDMFreq_Value,DIVM1,DIVM2,DIVM3,DIVN1,DIVN2,DIVN3,DIVP1Freq_Value,DIVP2Freq_Value,DIVP3,DIVP3Freq_Value,DIVQ1,DIVQ1Freq_Value,DIVQ2,DIVQ2Freq_Value,DIVQ3,DIVQ3Freq_Value,DIVR1,DIVR1Freq_Value,DIVR2,DIVR2Freq_Value,DIVR3,DIVR3Freq_Value,FDCANFreq_Value,FMCFreq_Value,FamilyName,HCLK3ClockFreq_Value,HCLKFreq_Value,HPRE,HRTIMFreq_Value,HSE_VALUE,I2C123Freq_Value,I2C4CLockSelection,I2C4Freq_Value,LPTIM1Freq_Value,LPTIM2Freq_Value,LPTIM345Freq_Value,LPUART1Freq_Value,LTDCFreq_Value,MCO1PinFreq_Value,MCO2PinFreq_Value,PLL1_VCI_Range-AdvancedSettings,PLL2FRACN,PLL3FRACN,PLLFRACN,QSPIFreq_Value,RNGFreq_Value,RTCFreq_Value,SAI1CLockSelection,SAI1Freq_Value,SAI23Freq_Value,SAI4AFreq_Value,SAI4BFreq_Value,SDMMCFreq_Value,SPDIFRXFreq_Value,SPI123CLockSelection,SPI123Freq_Value,SPI45Freq_Value,SPI6Freq_Value,SWPMI1Freq_Value,SYSCLKFreq_VALUE,SYSCLKSource,Tim1OutputFreq_Value,Tim2OutputFreq_Value,TraceFreq_Value,USART16Freq_Value,USART234578Freq_Value,USBCLockSelection,USBFreq_Value,VCO1OutputFreq_Value,VCO2OutputFreq_Value,VCO3OutputFreq_Value,VCOInput1Freq_Value,VCOInput2Freq_Value,VCOInput3Freq_Value
RCC.LPTIM1Freq_Value=120000000
RCC.LPTIM2Freq_Value=120000000
RCC.LPTIM345Freq_Value=120000000
RCC.LPUART1Freq_Value=120000000
RCC.LTDCFreq_Value=37415384.615384616
RCC.MCO1PinFreq_Value=64000000
RCC.MCO2PinFreq_Value=480000000
RCC.PLL1_VCI_Range-AdvancedSettings=RCC_PLL1VCIRANGE_0
RCC.PLL2FRACN=0
RCC.PLL3FRACN=0
RCC.PLLFRACN=0
RCC.QSPIFreq_Value=240000000
RCC.RNGFreq_Value=48000000
RCC.RTCFreq_Value=32000
RCC.SAI1CLockSelection=RCC_SAI1CLKSOURCE_CLKP
RCC.SAI1Freq_Value=11289600
RCC.SAI23Freq_Value=40000000
RCC.SAI4AFreq_Value=40000000
RCC.SAI4BFreq_Value=40000000
RCC.SDMMCFreq_Value=40000000
RCC.SPDIFRXFreq_Value=40000000
RCC.SPI123CLockSelection=RCC_SPI123CLKSOURCE_CLKP
RCC.SPI123Freq_Value=11289600
RCC.SPI45Freq_Value=120000000
RCC.SPI6Freq_Value=120000000
RCC.SWPMI1Freq_Value=120000000
RCC.SYSCLKFreq_VALUE=480000000
RCC.SYSCLKSource=RCC_SYSCLKSOURCE_PLLCLK
RCC.Tim1OutputFreq_Value=240000000
RCC.Tim2OutputFreq_Value=240000000
RCC.TraceFreq_Value=240000000
RCC.USART16Freq_Value=120000000
RCC.USART234578Freq_Value=120000000
RCC.USBCLockSelection=RCC_USBCLKSOURCE_HSI48
RCC.USBFreq_Value=48000000
RCC.VCO1OutputFreq_Value=960000000
RCC.VCO2OutputFreq_Value=400000000
RCC.VCO3OutputFreq_Value=187076923.07692307
RCC.VCOInput1Freq_Value=16000000
RCC.VCOInput2Freq_Value=16000000
RCC.VCOInput3Freq_Value=2461538.4615384615
SAI1.AudioFrequency-SAI_A_MasterWithClock=SAI_AUDIO_FREQUENCY_44K
SAI1.BasicDataSize-SAI_A_MasterWithClock=SAI_PROTOCOL_DATASIZE_16BIT
SAI1.ErrorAudioFreq-SAI_A_MasterWithClock=0.0 %
SAI1.IPParameters=Instance-SAI_A_MasterWithClock,VirtualMode-SAI_A_MasterWithClock,MClockEnable-SAI_A_MasterWithClock,RealAudioFreq-SAI_A_MasterWithClock,ErrorAudioFreq-SAI_A_MasterWithClock,InitProtocol-SAI_A_MasterWithClock,VirtualProtocol-SAI_A_BASIC,Instance-SAI_B_SyncSlave,VirtualMode-SAI_B_SyncSlave,NoDivider-SAI_A_MasterWithClock,AudioFrequency-SAI_A_MasterWithClock,InitProtocol-SAI_B_SyncSlave,VirtualProtocol-SAI_B_BASIC,BasicDataSize-SAI_A_MasterWithClock
SAI1.InitProtocol-SAI_A_MasterWithClock=Enable
SAI1.InitProtocol-SAI_B_SyncSlave=Enable
SAI1.Instance-SAI_A_MasterWithClock=SAI$Index_Block_A
SAI1.Instance-SAI_B_SyncSlave=SAI$Index_Block_B
SAI1.MClockEnable-SAI_A_MasterWithClock=SAI_MASTERCLOCK_ENABLE
SAI1.NoDivider-SAI_A_MasterWithClock=SAI_MCK_OVERSAMPLING_DISABLE
SAI1.RealAudioFreq-SAI_A_MasterWithClock=44.1 KHz
SAI1.VirtualMode-SAI_A_MasterWithClock=VM_MASTER
SAI1.VirtualMode-SAI_B_SyncSlave=VM_SLAVE
SAI1.VirtualProtocol-SAI_A_BASIC=VM_BASIC_PROTOCOL
SAI1.VirtualProtocol-SAI_B_BASIC=VM_BASIC_PROTOCOL
SDMMC1.HardwareFlowControl=SDMMC_HARDWARE_FLOW_CONTROL_ENABLE
SDMMC1.IPParameters=HardwareFlowControl
SH.FMC_A0.0=FMC_A0,13b-sda1
SH.FMC_A0.1=FMC_A0,13b-sda2
SH.FMC_A0.ConfNb=2
SH.FMC_A1.0=FMC_A1,13b-sda1
SH.FMC_A1.1=FMC_A1,13b-sda2
SH.FMC_A1.ConfNb=2
SH.FMC_A10.0=FMC_A10,13b-sda1
SH.FMC_A10.1=FMC_A10,13b-sda2
SH.FMC_A10.ConfNb=2
SH.FMC_A11.0=FMC_A11,13b-sda1
SH.FMC_A11.1=FMC_A11,13b-sda2
SH.FMC_A11.ConfNb=2
SH.FMC_A12.0=FMC_A12,13b-sda1
SH.FMC_A12.1=FMC_A12,13b-sda2
SH.FMC_A12.ConfNb=2
SH.FMC_A14_BA0.0=FMC_BA0,FourSdramBanks1
SH.FMC_A14_BA0.1=FMC_BA0,FourSdramBanks2
SH.FMC_A14_BA0.ConfNb=2
SH.FMC_A15_BA1.0=FMC_BA1,FourSdramBanks1
SH.FMC_A15_BA1.1=FMC_BA1,FourSdramBanks2
SH.FMC_A15_BA1.ConfNb=2
SH.FMC_A2.0=FMC_A2,13b-sda1
SH.FMC_A2.1=FMC_A2,13b-sda2
SH.FMC_A2.ConfNb=2
SH.FMC_A3.0=FMC_A3,13b-sda1
SH.FMC_A3.1=FMC_A3,13b-sda2
SH.FMC_A3.ConfNb=2
SH.FMC_A4.0=FMC_A4,13b-sda1
SH.FMC_A4.1=FMC_A4,13b-sda2
SH.FMC_A4.ConfNb=2
SH.FMC_A5.0=FMC_A5,13b-sda1
SH.FMC_A5.1=FMC_A5,13b-sda2
SH.FMC_A5.ConfNb=2
SH.FMC_A6.0=FMC_A6,13b-sda1
SH.FMC_A6.1=FMC_A6,13b-sda2
SH.FMC_A6.ConfNb=2
SH.FMC_A7.0=FMC_A7,13b-sda1
SH.FMC_A7.1=FMC_A7,13b-sda2
SH.FMC_A7.ConfNb=2
SH.FMC_A8.0=FMC_A8,13b-sda1
SH.FMC_A8.1=FMC_A8,13b-sda2
SH.FMC_A8.ConfNb=2
SH.FMC_A9.0=FMC_A9,13b-sda1
SH.FMC_A9.1=FMC_A9,13b-sda2
SH.FMC_A9.ConfNb=2
SH.FMC_D0_DA0.0=FMC_D0,sd-16b-d1
SH.FMC_D0_DA0.1=FMC_D0,sd-16b-d2
SH.FMC_D0_DA0.ConfNb=2
SH.FMC_D10_DA10.0=FMC_D10,sd-16b-d1
SH.FMC_D10_DA10.1=FMC_D10,sd-16b-d2
SH.FMC_D10_DA10.ConfNb=2
SH.FMC_D11_DA11.0=FMC_D11,sd-16b-d1
SH.FMC_D11_DA11.1=FMC_D11,sd-16b-d2
SH.FMC_D11_DA11.ConfNb=2
SH.FMC_D12_DA12.0=FMC_D12,sd-16b-d1
SH.FMC_D12_DA12.1=FMC_D12,sd-16b-d2
SH.FMC_D12_DA12.ConfNb=2
SH.FMC_D13_DA13.0=FMC_D13,sd-16b-d1
SH.FMC_D13_DA13.1=FMC_D13,sd-16b-d2
SH.FMC_D13_DA13.ConfNb=2
SH.FMC_D14_DA14.0=FMC_D14,sd-16b-d1
SH.FMC_D14_DA14.1=FMC_D14,sd-16b-d2
SH.FMC_D14_DA14.ConfNb=2
SH.FMC_D15_DA15.0=FMC_D15,sd-16b-d1
SH.FMC_D15_DA15.1=FMC_D15,sd-16b-d2
SH.FMC_D15_DA15.ConfNb=2
SH.FMC_D1_DA1.0=FMC_D1,sd-16b-d1
SH.FMC_D1_DA1.1=FMC_D1,sd-16b-d2
SH.FMC_D1_DA1.ConfNb=2
SH.FMC_D2_DA2.0=FMC_D2,sd-16b-d1
SH.FMC_D2_DA2.1=FMC_D2,sd-16b-d2
SH.FMC_D2_DA2.ConfNb=2
SH.FMC_D3_DA3.0=FMC_D3,sd-16b-d1
SH.FMC_D3_DA3.1=FMC_D3,sd-16b-d2
SH.FMC_D3_DA3.ConfNb=2
SH.FMC_D4_DA4.0=FMC_D4,sd-16b-d1
SH.FMC_D4_DA4.1=FMC_D4,sd-16b-d2
SH.FMC_D4_DA4.ConfNb=2
SH.FMC_D5_DA5.0=FMC_D5,sd-16b-d1
SH.FMC_D5_DA5.1=FMC_D5,sd-16b-d2
SH.FMC_D5_DA5.ConfNb=2
SH.FMC_D6_DA6.0=FMC_D6,sd-16b-d1
SH.FMC_D6_DA6.1=FMC_D6,sd-16b-d2
SH.FMC_D6_DA6.ConfNb=2
SH.FMC_D7_DA7.0=FMC_D7,sd-16b-d1
SH.FMC_D7_DA7.1=FMC_D7,sd-16b-d2
SH.FMC_D7_DA7.ConfNb=2
SH.FMC_D8_DA8.0=FMC_D8,sd-16b-d1
SH.FMC_D8_DA8.1=FMC_D8,sd-16b-d2
SH.FMC_D8_DA8.ConfNb=2
SH.FMC_D9_DA9.0=FMC_D9,sd-16b-d1
SH.FMC_D9_DA9.1=FMC_D9,sd-16b-d2
SH.FMC_D9_DA9.ConfNb=2
SH.FMC_NBL0.0=FMC_NBL0,Sd2ByteEnable1
SH.FMC_NBL0.1=FMC_NBL0,Sd2ByteEnable2
SH.FMC_NBL0.ConfNb=2
SH.FMC_NBL1.0=FMC_NBL1,Sd2ByteEnable1
SH.FMC_NBL1.1=FMC_NBL1,Sd2ByteEnable2
SH.FMC_NBL1.ConfNb=2
SH.FMC_SDCLK.0=FMC_SDCLK,13b-sda1
SH.FMC_SDCLK.1=FMC_SDCLK,13b-sda2
SH.FMC_SDCLK.ConfNb=2
SH.FMC_SDNCAS.0=FMC_SDNCAS,13b-sda1
SH.FMC_SDNCAS.1=FMC_SDNCAS,13b-sda2
SH.FMC_SDNCAS.ConfNb=2
SH.FMC_SDNRAS.0=FMC_SDNRAS,13b-sda1
SH.FMC_SDNRAS.1=FMC_SDNRAS,13b-sda2
SH.FMC_SDNRAS.ConfNb=2
SH.FMC_SDNWE.0=FMC_SDNWE,13b-sda1
SH.FMC_SDNWE.1=FMC_SDNWE,13b-sda2
SH.FMC_SDNWE.ConfNb=2
SH.GPXTI11.0=GPIO_EXTI11
SH.GPXTI11.ConfNb=1
SH.S_TIM13_CH1.0=TIM13_CH1,PWM Generation1 CH1
SH.S_TIM13_CH1.ConfNb=1
TIM1.Channel-Output\ Compare1\ No\ Output=TIM_CHANNEL_1
TIM1.IPParameters=Channel-Output Compare1 No Output,Prescaler
TIM1.Prescaler=480
TIM13.Channel=TIM_CHANNEL_1
TIM13.IPParameters=Prescaler,Period,Channel,Pulse
TIM13.Period=999
TIM13.Prescaler=239
TIM13.Pulse=500
TIM2.IPParameters=Prescaler
TIM2.Prescaler=240
UART7.BaudRate=31250
UART7.IPParameters=BaudRate
USART1.IPParameters=VirtualMode-Asynchronous
USART1.VirtualMode-Asynchronous=VM_ASYNC
VP_DMA2D_VS_DMA2D.Mode=DMA2D_Activate
VP_DMA2D_VS_DMA2D.Signal=DMA2D_VS_DMA2D
VP_MEMORYMAP_VS_MEMORYMAP.Mode=CurAppReg
VP_MEMORYMAP_VS_MEMORYMAP.Signal=MEMORYMAP_VS_MEMORYMAP
VP_RNG_VS_RNG.Mode=RNG_Activate
VP_RNG_VS_RNG.Signal=RNG_VS_RNG
VP_SAI1_VP_$IpInstance_SAIA_SAI_BASIC.Mode=SAI_A_BASIC
VP_SAI1_VP_$IpInstance_SAIA_SAI_BASIC.Signal=SAI1_VP_$IpInstance_SAIA_SAI_BASIC
VP_SAI1_VP_$IpInstance_SAIB_SAI_BASIC.Mode=SAI_B_BASIC
VP_SAI1_VP_$IpInstance_SAIB_SAI_BASIC.Signal=SAI1_VP_$IpInstance_SAIB_SAI_BASIC
VP_SYS_VS_tim8.Mode=TIM8
VP_SYS_VS_tim8.Signal=SYS_VS_tim8
VP_TIM13_VS_ClockSourceINT.Mode=Enable_Timer
VP_TIM13_VS_ClockSourceINT.Signal=TIM13_VS_ClockSourceINT
VP_TIM1_VS_ClockSourceINT.Mode=Internal
VP_TIM1_VS_ClockSourceINT.Signal=TIM1_VS_ClockSourceINT
VP_TIM1_VS_no_output1.Mode=Output Compare1 No Output
VP_TIM1_VS_no_output1.Signal=TIM1_VS_no_output1
VP_TIM2_VS_ClockSourceINT.Mode=Internal
VP_TIM2_VS_ClockSourceINT.Signal=TIM2_VS_ClockSourceINT
board=custom
